
Microsoft Visual Studio Solution File, Format Version 12.00
# Visual Studio 14
VisualStudioVersion = 14.0.24720.0
MinimumVisualStudioVersion = 10.0.40219.1
Project("{FAE04EC0-301F-11D3-BF4B-00C04F79EFBC}") = "PokedexFinalProject", "PokedexFinalProject\PokedexFinalProject.csproj", "{889FA6C3-C713-45A9-BBB8-09AA80B609D7}"
EndProject
Project("{FAE04EC0-301F-11D3-BF4B-00C04F79EFBC}") = "SQL_ServerEntities", "SQL_ServerEntities\SQL_ServerEntities.csproj", "{E2485284-01D6-4111-BDCC-961D49C1B167}"
EndProject
Project("{FAE04EC0-301F-11D3-BF4B-00C04F79EFBC}") = "ApiParser", "ApiParser\ApiParser.csproj", "{99C3B417-06FA-483E-92EA-EF8343A7D133}"
EndProject
Global
	GlobalSection(SolutionConfigurationPlatforms) = preSolution
		Debug|Any CPU = Debug|Any CPU
		Debug|ARM = Debug|ARM
		Debug|x64 = Debug|x64
		Debug|x86 = Debug|x86
		Release|Any CPU = Release|Any CPU
		Release|ARM = Release|ARM
		Release|x64 = Release|x64
		Release|x86 = Release|x86
	EndGlobalSection
	GlobalSection(ProjectConfigurationPlatforms) = postSolution
		{889FA6C3-C713-45A9-BBB8-09AA80B609D7}.Debug|Any CPU.ActiveCfg = Debug|Any CPU
		{889FA6C3-C713-45A9-BBB8-09AA80B609D7}.Debug|Any CPU.Build.0 = Debug|Any CPU
		{889FA6C3-C713-45A9-BBB8-09AA80B609D7}.Debug|ARM.ActiveCfg = Debug|Any CPU
		{889FA6C3-C713-45A9-BBB8-09AA80B609D7}.Debug|ARM.Build.0 = Debug|Any CPU
		{889FA6C3-C713-45A9-BBB8-09AA80B609D7}.Debug|x64.ActiveCfg = Debug|Any CPU
		{889FA6C3-C713-45A9-BBB8-09AA80B609D7}.Debug|x64.Build.0 = Debug|Any CPU
		{889FA6C3-C713-45A9-BBB8-09AA80B609D7}.Debug|x86.ActiveCfg = Debug|Any CPU
		{889FA6C3-C713-45A9-BBB8-09AA80B609D7}.Debug|x86.Build.0 = Debug|Any CPU
		{889FA6C3-C713-45A9-BBB8-09AA80B609D7}.Release|Any CPU.ActiveCfg = Release|Any CPU
		{889FA6C3-C713-45A9-BBB8-09AA80B609D7}.Release|Any CPU.Build.0 = Release|Any CPU
		{889FA6C3-C713-45A9-BBB8-09AA80B609D7}.Release|ARM.ActiveCfg = Release|Any CPU
		{889FA6C3-C713-45A9-BBB8-09AA80B609D7}.Release|ARM.Build.0 = Release|Any CPU
		{889FA6C3-C713-45A9-BBB8-09AA80B609D7}.Release|x64.ActiveCfg = Release|Any CPU
		{889FA6C3-C713-45A9-BBB8-09AA80B609D7}.Release|x64.Build.0 = Release|Any CPU
		{889FA6C3-C713-45A9-BBB8-09AA80B609D7}.Release|x86.ActiveCfg = Release|Any CPU
		{889FA6C3-C713-45A9-BBB8-09AA80B609D7}.Release|x86.Build.0 = Release|Any CPU
		{E2485284-01D6-4111-BDCC-961D49C1B167}.Debug|Any CPU.ActiveCfg = Debug|Any CPU
		{E2485284-01D6-4111-BDCC-961D49C1B167}.Debug|Any CPU.Build.0 = Debug|Any CPU
		{E2485284-01D6-4111-BDCC-961D49C1B167}.Debug|ARM.ActiveCfg = Debug|ARM
		{E2485284-01D6-4111-BDCC-961D49C1B167}.Debug|ARM.Build.0 = Debug|ARM
		{E2485284-01D6-4111-BDCC-961D49C1B167}.Debug|x64.ActiveCfg = Debug|x64
		{E2485284-01D6-4111-BDCC-961D49C1B167}.Debug|x64.Build.0 = Debug|x64
		{E2485284-01D6-4111-BDCC-961D49C1B167}.Debug|x86.ActiveCfg = Debug|x86
		{E2485284-01D6-4111-BDCC-961D49C1B167}.Debug|x86.Build.0 = Debug|x86
		{E2485284-01D6-4111-BDCC-961D49C1B167}.Release|Any CPU.ActiveCfg = Release|Any CPU
		{E2485284-01D6-4111-BDCC-961D49C1B167}.Release|Any CPU.Build.0 = Release|Any CPU
		{E2485284-01D6-4111-BDCC-961D49C1B167}.Release|ARM.ActiveCfg = Release|ARM
		{E2485284-01D6-4111-BDCC-961D49C1B167}.Release|ARM.Build.0 = Release|ARM
		{E2485284-01D6-4111-BDCC-961D49C1B167}.Release|x64.ActiveCfg = Release|x64
		{E2485284-01D6-4111-BDCC-961D49C1B167}.Release|x64.Build.0 = Release|x64
		{E2485284-01D6-4111-BDCC-961D49C1B167}.Release|x86.ActiveCfg = Release|x86
		{E2485284-01D6-4111-BDCC-961D49C1B167}.Release|x86.Build.0 = Release|x86
		{99C3B417-06FA-483E-92EA-EF8343A7D133}.Debug|Any CPU.ActiveCfg = Debug|Any CPU
		{99C3B417-06FA-483E-92EA-EF8343A7D133}.Debug|Any CPU.Build.0 = Debug|Any CPU
		{99C3B417-06FA-483E-92EA-EF8343A7D133}.Debug|ARM.ActiveCfg = Debug|Any CPU
		{99C3B417-06FA-483E-92EA-EF8343A7D133}.Debug|ARM.Build.0 = Debug|Any CPU
		{99C3B417-06FA-483E-92EA-EF8343A7D133}.Debug|x64.ActiveCfg = Debug|Any CPU
		{99C3B417-06FA-483E-92EA-EF8343A7D133}.Debug|x64.Build.0 = Debug|Any CPU
		{99C3B417-06FA-483E-92EA-EF8343A7D133}.Debug|x86.ActiveCfg = Debug|Any CPU
		{99C3B417-06FA-483E-92EA-EF8343A7D133}.Debug|x86.Build.0 = Debug|Any CPU
		{99C3B417-06FA-483E-92EA-EF8343A7D133}.Release|Any CPU.ActiveCfg = Release|Any CPU
		{99C3B417-06FA-483E-92EA-EF8343A7D133}.Release|Any CPU.Build.0 = Release|Any CPU
		{99C3B417-06FA-483E-92EA-EF8343A7D133}.Release|ARM.ActiveCfg = Release|Any CPU
		{99C3B417-06FA-483E-92EA-EF8343A7D133}.Release|ARM.Build.0 = Release|Any CPU
		{99C3B417-06FA-483E-92EA-EF8343A7D133}.Release|x64.ActiveCfg = Release|Any CPU
		{99C3B417-06FA-483E-92EA-EF8343A7D133}.Release|x64.Build.0 = Release|Any CPU
		{99C3B417-06FA-483E-92EA-EF8343A7D133}.Release|x86.ActiveCfg = Release|Any CPU
		{99C3B417-06FA-483E-92EA-EF8343A7D133}.Release|x86.Build.0 = Release|Any CPU
	EndGlobalSection
	GlobalSection(SolutionProperties) = preSolution
		HideSolutionNode = FALSE
	EndGlobalSection
EndGlobal
